// !$*UTF8*$!
{
	archiveVersion = 1;
	classes = {};
	objectVersion = 56;
	objects = {

/* Begin PBXBuildFile section */
		000000000000000000000016 /* FilmEngineApp.swift in Sources */ = {isa = PBXBuildFile; fileRef = 000000000000000000000010; };
		000000000000000000000017 /* ContentView.swift in Sources */ = {isa = PBXBuildFile; fileRef = 000000000000000000000011; };
		000000000000000000000018 /* ServerSettings.swift in Sources */ = {isa = PBXBuildFile; fileRef = 000000000000000000000012; };
		0000000000000000000000B1 /* PlateCamera.swift in Sources */ = {isa = PBXBuildFile; fileRef = 0000000000000000000000B2; };
		000000000000000000000019 /* Assets.xcassets in Resources */ = {isa = PBXBuildFile; fileRef = 000000000000000000000014; };
		00000000000000000000001A /* Web in Resources */ = {isa = PBXBuildFile; fileRef = 000000000000000000000015; };
/* End PBXBuildFile section */

/* Begin PBXFileReference section */
		00000000000000000000000F /* FilmEngine.app */ = {isa = PBXFileReference; explicitFileType = wrapper.application; includeInIndex = 0; path = FilmEngine.app; sourceTree = BUILT_PRODUCTS_DIR; };
		000000000000000000000010 /* FilmEngineApp.swift */ = {isa = PBXFileReference; lastKnownFileType = sourcecode.swift; path = FilmEngineApp.swift; sourceTree = "<group>"; };
		000000000000000000000011 /* ContentView.swift */ = {isa = PBXFileReference; lastKnownFileType = sourcecode.swift; path = ContentView.swift; sourceTree = "<group>"; };
		000000000000000000000012 /* ServerSettings.swift */ = {isa = PBXFileReference; lastKnownFileType = sourcecode.swift; path = ServerSettings.swift; sourceTree = "<group>"; };
		0000000000000000000000B2 /* PlateCamera.swift */ = {isa = PBXFileReference; lastKnownFileType = sourcecode.swift; path = PlateCamera.swift; sourceTree = "<group>"; };
		000000000000000000000013 /* Info.plist */ = {isa = PBXFileReference; lastKnownFileType = text.plist.xml; path = Info.plist; sourceTree = "<group>"; };
		000000000000000000000014 /* Assets.xcassets */ = {isa = PBXFileReference; lastKnownFileType = folder.assetcatalog; path = Assets.xcassets; sourceTree = "<group>"; };
		000000000000000000000015 /* Web */ = {isa = PBXFileReference; lastKnownFileType = folder; path = Web; sourceTree = "<group>"; };
/* End PBXFileReference section */

/* Begin PBXFrameworksBuildPhase section */
		00000000000000000000000B = {isa = PBXFrameworksBuildPhase; buildActionMask = 2147483647; files = (); runOnlyForDeploymentPostprocessing = 0; };
/* End PBXFrameworksBuildPhase section */

/* Begin PBXGroup section */
		00000000000000000000000C = {
			isa = PBXGroup;
			children = (00000000000000000000000D /* FilmEngine */, 00000000000000000000000E /* Products */);
			sourceTree = "<group>";
		};
		00000000000000000000000D /* FilmEngine */ = {
			isa = PBXGroup;
			children = (
				000000000000000000000010,
				000000000000000000000011,
				000000000000000000000012,
				0000000000000000000000B2,
				000000000000000000000014,
				000000000000000000000015,
				000000000000000000000013,
			);
			path = FilmEngine;
			sourceTree = "<group>";
		};
		00000000000000000000000E /* Products */ = {
			isa = PBXGroup;
			children = (00000000000000000000000F);
			name = Products;
			sourceTree = "<group>";
		};
/* End PBXGroup section */

/* Begin PBXNativeTarget section */
		000000000000000000000002 /* FilmEngine */ = {
			isa = PBXNativeTarget;
			buildConfigurationList = 000000000000000000000003;
			buildPhases = (000000000000000000000009, 00000000000000000000000B, 00000000000000000000000A);
			buildRules = ();
			dependencies = ();
			name = FilmEngine;
			productName = FilmEngine;
			productReference = 00000000000000000000000F;
			productType = "com.apple.product-type.application";
		};
/* End PBXNativeTarget section */

/* Begin PBXProject section */
		000000000000000000000001 /* Project object */ = {
			isa = PBXProject;
			attributes = {
				BuildIndependentTargetsInParallel = 1;
				LastSwiftUpdateCheck = 2610;
				LastUpgradeCheck = 2610;
				TargetAttributes = { 000000000000000000000002 = { CreatedOnToolsVersion = 26.1; }; };
			};
			buildConfigurationList = 000000000000000000000004;
			compatibilityVersion = "Xcode 14.0";
			developmentRegion = en;
			hasScannedForEncodings = 0;
			knownRegions = (en, Base);
			mainGroup = 00000000000000000000000C;
			productRefGroup = 00000000000000000000000E;
			projectDirPath = "";
			projectRoot = "";
			targets = (000000000000000000000002);
		};
/* End PBXProject section */

/* Begin PBXResourcesBuildPhase section */
		00000000000000000000000A = {
			isa = PBXResourcesBuildPhase;
			buildActionMask = 2147483647;
			files = (000000000000000000000019, 00000000000000000000001A);
			runOnlyForDeploymentPostprocessing = 0;
		};
/* End PBXResourcesBuildPhase section */

/* Begin PBXSourcesBuildPhase section */
		000000000000000000000009 = {
			isa = PBXSourcesBuildPhase;
			buildActionMask = 2147483647;
			files = (000000000000000000000016, 000000000000000000000017, 000000000000000000000018, 0000000000000000000000B1);
			runOnlyForDeploymentPostprocessing = 0;
		};
/* End PBXSourcesBuildPhase section */

/* Begin XCBuildConfiguration section */
		000000000000000000000007 /* Debug */ = {
			isa = XCBuildConfiguration;
			buildSettings = {
				ALWAYS_SEARCH_USER_PATHS = NO;
				CLANG_ENABLE_MODULES = YES;
				CLANG_ENABLE_OBJC_ARC = YES;
				COPY_PHASE_STRIP = NO;
				ENABLE_STRICT_OBJC_MSGSEND = YES;
				GCC_C_LANGUAGE_STANDARD = gnu17;
				IPHONEOS_DEPLOYMENT_TARGET = 16.0;
				ONLY_ACTIVE_ARCH = YES;
				SDKROOT = iphoneos;
				SWIFT_ACTIVE_COMPILATION_CONDITIONS = DEBUG;
				SWIFT_OPTIMIZATION_LEVEL = "-Onone";
				SWIFT_VERSION = 5.0;
			};
			name = Debug;
		};
		000000000000000000000008 /* Release */ = {
			isa = XCBuildConfiguration;
			buildSettings = {
				ALWAYS_SEARCH_USER_PATHS = NO;
				CLANG_ENABLE_MODULES = YES;
				CLANG_ENABLE_OBJC_ARC = YES;
				COPY_PHASE_STRIP = NO;
				ENABLE_NS_ASSERTIONS = NO;
				GCC_C_LANGUAGE_STANDARD = gnu17;
				IPHONEOS_DEPLOYMENT_TARGET = 16.0;
				SDKROOT = iphoneos;
				SWIFT_COMPILATION_MODE = wholemodule;
				SWIFT_VERSION = 5.0;
				VALIDATE_PRODUCT = YES;
			};
			name = Release;
		};
		000000000000000000000005 /* Debug */ = {
			isa = XCBuildConfiguration;
			buildSettings = {
				ASSETCATALOG_COMPILER_APPICON_NAME = AppIcon;
				CODE_SIGN_STYLE = Automatic;
				CURRENT_PROJECT_VERSION = 2;
				DEVELOPMENT_TEAM = 3AXRJ22S9P;
				ENABLE_PREVIEWS = YES;
				GENERATE_INFOPLIST_FILE = NO;
				INFOPLIST_FILE = FilmEngine/Info.plist;
				IPHONEOS_DEPLOYMENT_TARGET = 16.0;
				LD_RUNPATH_SEARCH_PATHS = ("$(inherited)", "@executable_path/Frameworks");
				MARKETING_VERSION = 1.0;
				PRODUCT_BUNDLE_IDENTIFIER = ai.gridlight.filmengine;
				PRODUCT_NAME = "$(TARGET_NAME)";
				SWIFT_EMIT_LOC_STRINGS = YES;
				SWIFT_VERSION = 5.0;
				TARGETED_DEVICE_FAMILY = "1,2";
			};
			name = Debug;
		};
		000000000000000000000006 /* Release */ = {
			isa = XCBuildConfiguration;
			buildSettings = {
				ASSETCATALOG_COMPILER_APPICON_NAME = AppIcon;
				CODE_SIGN_STYLE = Automatic;
				CURRENT_PROJECT_VERSION = 2;
				DEVELOPMENT_TEAM = 3AXRJ22S9P;
				ENABLE_PREVIEWS = YES;
				GENERATE_INFOPLIST_FILE = NO;
				INFOPLIST_FILE = FilmEngine/Info.plist;
				IPHONEOS_DEPLOYMENT_TARGET = 16.0;
				LD_RUNPATH_SEARCH_PATHS = ("$(inherited)", "@executable_path/Frameworks");
				MARKETING_VERSION = 1.0;
				PRODUCT_BUNDLE_IDENTIFIER = ai.gridlight.filmengine;
				PRODUCT_NAME = "$(TARGET_NAME)";
				SWIFT_EMIT_LOC_STRINGS = YES;
				SWIFT_VERSION = 5.0;
				TARGETED_DEVICE_FAMILY = "1,2";
			};
			name = Release;
		};
/* End XCBuildConfiguration section */

/* Begin XCConfigurationList section */
		000000000000000000000004 = {
			isa = XCConfigurationList;
			buildConfigurations = (000000000000000000000007, 000000000000000000000008);
			defaultConfigurationIsVisible = 0;
			defaultConfigurationName = Release;
		};
		000000000000000000000003 = {
			isa = XCConfigurationList;
			buildConfigurations = (000000000000000000000005, 000000000000000000000006);
			defaultConfigurationIsVisible = 0;
			defaultConfigurationName = Release;
		};
/* End XCConfigurationList section */
	};
	rootObject = 000000000000000000000001;
}
